// !$*UTF8*$!
{
	archiveVersion = 1;
	classes = {
	};
	objectVersion = 50;
	objects = {

/* Begin PBXBuildFile section */
		012A948A9135ADE13BB1046C /* Pods_easynvest_test.framework in Frameworks */ = {isa = PBXBuildFile; fileRef = A0D6B2C70B025E67BD4B6717 /* Pods_easynvest_test.framework */; };
		1F09827F23A1D3A300467D9D /* ApplicationCoordinator.swift in Sources */ = {isa = PBXBuildFile; fileRef = 1F09827E23A1D3A300467D9D /* ApplicationCoordinator.swift */; };
		1F09828323A1D5A200467D9D /* FixedIncomeHomeCoordinator.swift in Sources */ = {isa = PBXBuildFile; fileRef = 1F09828223A1D5A200467D9D /* FixedIncomeHomeCoordinator.swift */; };
		1F09828623A1D72600467D9D /* FixedIncomeHomeViewController.swift in Sources */ = {isa = PBXBuildFile; fileRef = 1F09828523A1D72600467D9D /* FixedIncomeHomeViewController.swift */; };
		1F09828823A1D87F00467D9D /* FixedIncomeHomeView.swift in Sources */ = {isa = PBXBuildFile; fileRef = 1F09828723A1D87F00467D9D /* FixedIncomeHomeView.swift */; };
		1F09828A23A1E17800467D9D /* HasCustomView.swift in Sources */ = {isa = PBXBuildFile; fileRef = 1F09828923A1E17800467D9D /* HasCustomView.swift */; };
		1F09828C23A1E28C00467D9D /* CustomViewController.swift in Sources */ = {isa = PBXBuildFile; fileRef = 1F09828B23A1E28C00467D9D /* CustomViewController.swift */; };
		1F512A6923A46F6100E5247A /* ViewCodeTemplate.swift in Sources */ = {isa = PBXBuildFile; fileRef = 1F512A6823A46F6100E5247A /* ViewCodeTemplate.swift */; };
		1F512A6C23A4920700E5247A /* EasynvestButton.swift in Sources */ = {isa = PBXBuildFile; fileRef = 1F512A6B23A4920700E5247A /* EasynvestButton.swift */; };
		1F512A6E23A494CC00E5247A /* UIColor+EasynvestPallete.swift in Sources */ = {isa = PBXBuildFile; fileRef = 1F512A6D23A494CC00E5247A /* UIColor+EasynvestPallete.swift */; };
		1F512A7023A4978200E5247A /* UIColor+Conversions.swift in Sources */ = {isa = PBXBuildFile; fileRef = 1F512A6F23A4978200E5247A /* UIColor+Conversions.swift */; };
		1F512A7E23A4A71800E5247A /* RationalDisplay-Light.ttf in Resources */ = {isa = PBXBuildFile; fileRef = 1F512A7C23A4A71800E5247A /* RationalDisplay-Light.ttf */; };
		1F512A7F23A4A71800E5247A /* RationalDisplay-Medium.ttf in Resources */ = {isa = PBXBuildFile; fileRef = 1F512A7D23A4A71800E5247A /* RationalDisplay-Medium.ttf */; };
		1FA2984E23A15BA80032FF1C /* AppDelegate.swift in Sources */ = {isa = PBXBuildFile; fileRef = 1FA2984D23A15BA80032FF1C /* AppDelegate.swift */; };
		1FA2985023A15BA80032FF1C /* SceneDelegate.swift in Sources */ = {isa = PBXBuildFile; fileRef = 1FA2984F23A15BA80032FF1C /* SceneDelegate.swift */; };
		1FA2985723A15BA90032FF1C /* Assets.xcassets in Resources */ = {isa = PBXBuildFile; fileRef = 1FA2985623A15BA90032FF1C /* Assets.xcassets */; };
		1FA2985A23A15BA90032FF1C /* LaunchScreen.storyboard in Resources */ = {isa = PBXBuildFile; fileRef = 1FA2985823A15BA90032FF1C /* LaunchScreen.storyboard */; };
		1FA2986523A15BAA0032FF1C /* easynvest_testTests.swift in Sources */ = {isa = PBXBuildFile; fileRef = 1FA2986423A15BAA0032FF1C /* easynvest_testTests.swift */; };
		1FA2987023A15BAA0032FF1C /* easynvest_testUITests.swift in Sources */ = {isa = PBXBuildFile; fileRef = 1FA2986F23A15BAA0032FF1C /* easynvest_testUITests.swift */; };
		63D89657E9E57E7B25A5ACA6 /* Pods_easynvest_test_easynvest_testUITests.framework in Frameworks */ = {isa = PBXBuildFile; fileRef = 6FFBFCBD068094884B015770 /* Pods_easynvest_test_easynvest_testUITests.framework */; };
		B164A37BC551D1FEB8E97169 /* Pods_easynvest_testTests.framework in Frameworks */ = {isa = PBXBuildFile; fileRef = D2909128AECB82C4392A7041 /* Pods_easynvest_testTests.framework */; };
/* End PBXBuildFile section */

/* Begin PBXContainerItemProxy section */
		1FA2986123A15BAA0032FF1C /* PBXContainerItemProxy */ = {
			isa = PBXContainerItemProxy;
			containerPortal = 1FA2984223A15BA80032FF1C /* Project object */;
			proxyType = 1;
			remoteGlobalIDString = 1FA2984923A15BA80032FF1C;
			remoteInfo = "easynvest-test";
		};
		1FA2986C23A15BAA0032FF1C /* PBXContainerItemProxy */ = {
			isa = PBXContainerItemProxy;
			containerPortal = 1FA2984223A15BA80032FF1C /* Project object */;
			proxyType = 1;
			remoteGlobalIDString = 1FA2984923A15BA80032FF1C;
			remoteInfo = "easynvest-test";
		};
/* End PBXContainerItemProxy section */

/* Begin PBXFileReference section */
		1F09827E23A1D3A300467D9D /* ApplicationCoordinator.swift */ = {isa = PBXFileReference; lastKnownFileType = sourcecode.swift; path = ApplicationCoordinator.swift; sourceTree = "<group>"; };
		1F09828223A1D5A200467D9D /* FixedIncomeHomeCoordinator.swift */ = {isa = PBXFileReference; lastKnownFileType = sourcecode.swift; path = FixedIncomeHomeCoordinator.swift; sourceTree = "<group>"; };
		1F09828523A1D72600467D9D /* FixedIncomeHomeViewController.swift */ = {isa = PBXFileReference; lastKnownFileType = sourcecode.swift; path = FixedIncomeHomeViewController.swift; sourceTree = "<group>"; };
		1F09828723A1D87F00467D9D /* FixedIncomeHomeView.swift */ = {isa = PBXFileReference; lastKnownFileType = sourcecode.swift; path = FixedIncomeHomeView.swift; sourceTree = "<group>"; };
		1F09828923A1E17800467D9D /* HasCustomView.swift */ = {isa = PBXFileReference; lastKnownFileType = sourcecode.swift; path = HasCustomView.swift; sourceTree = "<group>"; };
		1F09828B23A1E28C00467D9D /* CustomViewController.swift */ = {isa = PBXFileReference; lastKnownFileType = sourcecode.swift; path = CustomViewController.swift; sourceTree = "<group>"; };
		1F512A6823A46F6100E5247A /* ViewCodeTemplate.swift */ = {isa = PBXFileReference; lastKnownFileType = sourcecode.swift; path = ViewCodeTemplate.swift; sourceTree = "<group>"; };
		1F512A6B23A4920700E5247A /* EasynvestButton.swift */ = {isa = PBXFileReference; lastKnownFileType = sourcecode.swift; path = EasynvestButton.swift; sourceTree = "<group>"; };
		1F512A6D23A494CC00E5247A /* UIColor+EasynvestPallete.swift */ = {isa = PBXFileReference; lastKnownFileType = sourcecode.swift; path = "UIColor+EasynvestPallete.swift"; sourceTree = "<group>"; };
		1F512A6F23A4978200E5247A /* UIColor+Conversions.swift */ = {isa = PBXFileReference; lastKnownFileType = sourcecode.swift; path = "UIColor+Conversions.swift"; sourceTree = "<group>"; };
		1F512A7C23A4A71800E5247A /* RationalDisplay-Light.ttf */ = {isa = PBXFileReference; lastKnownFileType = file; path = "RationalDisplay-Light.ttf"; sourceTree = "<group>"; };
		1F512A7D23A4A71800E5247A /* RationalDisplay-Medium.ttf */ = {isa = PBXFileReference; lastKnownFileType = file; path = "RationalDisplay-Medium.ttf"; sourceTree = "<group>"; };
		1FA2984A23A15BA80032FF1C /* easynvest-test.app */ = {isa = PBXFileReference; explicitFileType = wrapper.application; includeInIndex = 0; path = "easynvest-test.app"; sourceTree = BUILT_PRODUCTS_DIR; };
		1FA2984D23A15BA80032FF1C /* AppDelegate.swift */ = {isa = PBXFileReference; lastKnownFileType = sourcecode.swift; path = AppDelegate.swift; sourceTree = "<group>"; };
		1FA2984F23A15BA80032FF1C /* SceneDelegate.swift */ = {isa = PBXFileReference; lastKnownFileType = sourcecode.swift; path = SceneDelegate.swift; sourceTree = "<group>"; };
		1FA2985623A15BA90032FF1C /* Assets.xcassets */ = {isa = PBXFileReference; lastKnownFileType = folder.assetcatalog; path = Assets.xcassets; sourceTree = "<group>"; };
		1FA2985923A15BA90032FF1C /* Base */ = {isa = PBXFileReference; lastKnownFileType = file.storyboard; name = Base; path = Base.lproj/LaunchScreen.storyboard; sourceTree = "<group>"; };
		1FA2985B23A15BA90032FF1C /* Info.plist */ = {isa = PBXFileReference; lastKnownFileType = text.plist.xml; path = Info.plist; sourceTree = "<group>"; };
		1FA2986023A15BAA0032FF1C /* easynvest-testTests.xctest */ = {isa = PBXFileReference; explicitFileType = wrapper.cfbundle; includeInIndex = 0; path = "easynvest-testTests.xctest"; sourceTree = BUILT_PRODUCTS_DIR; };
		1FA2986423A15BAA0032FF1C /* easynvest_testTests.swift */ = {isa = PBXFileReference; lastKnownFileType = sourcecode.swift; path = easynvest_testTests.swift; sourceTree = "<group>"; };
		1FA2986623A15BAA0032FF1C /* Info.plist */ = {isa = PBXFileReference; lastKnownFileType = text.plist.xml; path = Info.plist; sourceTree = "<group>"; };
		1FA2986B23A15BAA0032FF1C /* easynvest-testUITests.xctest */ = {isa = PBXFileReference; explicitFileType = wrapper.cfbundle; includeInIndex = 0; path = "easynvest-testUITests.xctest"; sourceTree = BUILT_PRODUCTS_DIR; };
		1FA2986F23A15BAA0032FF1C /* easynvest_testUITests.swift */ = {isa = PBXFileReference; lastKnownFileType = sourcecode.swift; path = easynvest_testUITests.swift; sourceTree = "<group>"; };
		1FA2987123A15BAA0032FF1C /* Info.plist */ = {isa = PBXFileReference; lastKnownFileType = text.plist.xml; path = Info.plist; sourceTree = "<group>"; };
		5AA66D8A8E50D50E9CF8C0CF /* Pods-easynvest-test.debug.xcconfig */ = {isa = PBXFileReference; includeInIndex = 1; lastKnownFileType = text.xcconfig; name = "Pods-easynvest-test.debug.xcconfig"; path = "Target Support Files/Pods-easynvest-test/Pods-easynvest-test.debug.xcconfig"; sourceTree = "<group>"; };
		6FFBFCBD068094884B015770 /* Pods_easynvest_test_easynvest_testUITests.framework */ = {isa = PBXFileReference; explicitFileType = wrapper.framework; includeInIndex = 0; path = Pods_easynvest_test_easynvest_testUITests.framework; sourceTree = BUILT_PRODUCTS_DIR; };
		7671893D19CF5F90E191004A /* Pods-easynvest-test.release.xcconfig */ = {isa = PBXFileReference; includeInIndex = 1; lastKnownFileType = text.xcconfig; name = "Pods-easynvest-test.release.xcconfig"; path = "Target Support Files/Pods-easynvest-test/Pods-easynvest-test.release.xcconfig"; sourceTree = "<group>"; };
		7674BE29958749BBF734AF64 /* Pods-easynvest-testTests.release.xcconfig */ = {isa = PBXFileReference; includeInIndex = 1; lastKnownFileType = text.xcconfig; name = "Pods-easynvest-testTests.release.xcconfig"; path = "Target Support Files/Pods-easynvest-testTests/Pods-easynvest-testTests.release.xcconfig"; sourceTree = "<group>"; };
		A02BBD204516A7A3DB08798F /* Pods-easynvest-test-easynvest-testUITests.release.xcconfig */ = {isa = PBXFileReference; includeInIndex = 1; lastKnownFileType = text.xcconfig; name = "Pods-easynvest-test-easynvest-testUITests.release.xcconfig"; path = "Target Support Files/Pods-easynvest-test-easynvest-testUITests/Pods-easynvest-test-easynvest-testUITests.release.xcconfig"; sourceTree = "<group>"; };
		A0D6B2C70B025E67BD4B6717 /* Pods_easynvest_test.framework */ = {isa = PBXFileReference; explicitFileType = wrapper.framework; includeInIndex = 0; path = Pods_easynvest_test.framework; sourceTree = BUILT_PRODUCTS_DIR; };
		B6555AC76E03D25EFEDB11F6 /* Pods-easynvest-test-easynvest-testUITests.debug.xcconfig */ = {isa = PBXFileReference; includeInIndex = 1; lastKnownFileType = text.xcconfig; name = "Pods-easynvest-test-easynvest-testUITests.debug.xcconfig"; path = "Target Support Files/Pods-easynvest-test-easynvest-testUITests/Pods-easynvest-test-easynvest-testUITests.debug.xcconfig"; sourceTree = "<group>"; };
		D2909128AECB82C4392A7041 /* Pods_easynvest_testTests.framework */ = {isa = PBXFileReference; explicitFileType = wrapper.framework; includeInIndex = 0; path = Pods_easynvest_testTests.framework; sourceTree = BUILT_PRODUCTS_DIR; };
		FEBA1F689EBAE537545E7959 /* Pods-easynvest-testTests.debug.xcconfig */ = {isa = PBXFileReference; includeInIndex = 1; lastKnownFileType = text.xcconfig; name = "Pods-easynvest-testTests.debug.xcconfig"; path = "Target Support Files/Pods-easynvest-testTests/Pods-easynvest-testTests.debug.xcconfig"; sourceTree = "<group>"; };
/* End PBXFileReference section */

/* Begin PBXFrameworksBuildPhase section */
		1FA2984723A15BA80032FF1C /* Frameworks */ = {
			isa = PBXFrameworksBuildPhase;
			buildActionMask = 2147483647;
			files = (
				012A948A9135ADE13BB1046C /* Pods_easynvest_test.framework in Frameworks */,
			);
			runOnlyForDeploymentPostprocessing = 0;
		};
		1FA2985D23A15BAA0032FF1C /* Frameworks */ = {
			isa = PBXFrameworksBuildPhase;
			buildActionMask = 2147483647;
			files = (
				B164A37BC551D1FEB8E97169 /* Pods_easynvest_testTests.framework in Frameworks */,
			);
			runOnlyForDeploymentPostprocessing = 0;
		};
		1FA2986823A15BAA0032FF1C /* Frameworks */ = {
			isa = PBXFrameworksBuildPhase;
			buildActionMask = 2147483647;
			files = (
				63D89657E9E57E7B25A5ACA6 /* Pods_easynvest_test_easynvest_testUITests.framework in Frameworks */,
			);
			runOnlyForDeploymentPostprocessing = 0;
		};
/* End PBXFrameworksBuildPhase section */

/* Begin PBXGroup section */
		1F09827A23A1D34900467D9D /* Utils */ = {
			isa = PBXGroup;
			children = (
				1F512A7123A49B6900E5247A /* ViewController */,
				1F512A6723A46E8B00E5247A /* ViewCode */,
				1F512A6D23A494CC00E5247A /* UIColor+EasynvestPallete.swift */,
				1F512A6F23A4978200E5247A /* UIColor+Conversions.swift */,
			);
			path = Utils;
			sourceTree = "<group>";
		};
		1F09827B23A1D34E00467D9D /* Scenes */ = {
			isa = PBXGroup;
			children = (
				1F512A6A23A491D600E5247A /* Components */,
				1F09828023A1D4DA00467D9D /* FixedIncome */,
				1F09827D23A1D38400467D9D /* Coordinator */,
			);
			path = Scenes;
			sourceTree = "<group>";
		};
		1F09827C23A1D35400467D9D /* Repositories */ = {
			isa = PBXGroup;
			children = (
			);
			path = Repositories;
			sourceTree = "<group>";
		};
		1F09827D23A1D38400467D9D /* Coordinator */ = {
			isa = PBXGroup;
			children = (
				1F09827E23A1D3A300467D9D /* ApplicationCoordinator.swift */,
			);
			path = Coordinator;
			sourceTree = "<group>";
		};
		1F09828023A1D4DA00467D9D /* FixedIncome */ = {
			isa = PBXGroup;
			children = (
				1F09828423A1D6BC00467D9D /* Views */,
				1F09828123A1D54A00467D9D /* Coordinator */,
			);
			path = FixedIncome;
			sourceTree = "<group>";
		};
		1F09828123A1D54A00467D9D /* Coordinator */ = {
			isa = PBXGroup;
			children = (
				1F09828223A1D5A200467D9D /* FixedIncomeHomeCoordinator.swift */,
			);
			path = Coordinator;
			sourceTree = "<group>";
		};
		1F09828423A1D6BC00467D9D /* Views */ = {
			isa = PBXGroup;
			children = (
				1F09828523A1D72600467D9D /* FixedIncomeHomeViewController.swift */,
				1F09828723A1D87F00467D9D /* FixedIncomeHomeView.swift */,
			);
			path = Views;
			sourceTree = "<group>";
		};
		1F512A6723A46E8B00E5247A /* ViewCode */ = {
			isa = PBXGroup;
			children = (
				1F512A6823A46F6100E5247A /* ViewCodeTemplate.swift */,
			);
			path = ViewCode;
			sourceTree = "<group>";
		};
		1F512A6A23A491D600E5247A /* Components */ = {
			isa = PBXGroup;
			children = (
				1F512A6B23A4920700E5247A /* EasynvestButton.swift */,
			);
			path = Components;
			sourceTree = "<group>";
		};
		1F512A7123A49B6900E5247A /* ViewController */ = {
			isa = PBXGroup;
			children = (
				1F09828923A1E17800467D9D /* HasCustomView.swift */,
				1F09828B23A1E28C00467D9D /* CustomViewController.swift */,
			);
			path = ViewController;
			sourceTree = "<group>";
		};
		1F512A7623A4A51100E5247A /* Resources */ = {
			isa = PBXGroup;
			children = (
				1FA2985623A15BA90032FF1C /* Assets.xcassets */,
				1F512A7723A4A51700E5247A /* Fonts */,
			);
			path = Resources;
			sourceTree = "<group>";
		};
		1F512A7723A4A51700E5247A /* Fonts */ = {
			isa = PBXGroup;
			children = (
				1F512A7C23A4A71800E5247A /* RationalDisplay-Light.ttf */,
				1F512A7D23A4A71800E5247A /* RationalDisplay-Medium.ttf */,
			);
			path = Fonts;
			sourceTree = "<group>";
		};
		1FA2984123A15BA80032FF1C = {
			isa = PBXGroup;
			children = (
				1FA2984C23A15BA80032FF1C /* easynvest-test */,
				1FA2986323A15BAA0032FF1C /* easynvest-testTests */,
				1FA2986E23A15BAA0032FF1C /* easynvest-testUITests */,
				1FA2984B23A15BA80032FF1C /* Products */,
				4F10080884D85CE117508615 /* Pods */,
				636067FD77A7FCA5077A0582 /* Frameworks */,
			);
			sourceTree = "<group>";
		};
		1FA2984B23A15BA80032FF1C /* Products */ = {
			isa = PBXGroup;
			children = (
				1FA2984A23A15BA80032FF1C /* easynvest-test.app */,
				1FA2986023A15BAA0032FF1C /* easynvest-testTests.xctest */,
				1FA2986B23A15BAA0032FF1C /* easynvest-testUITests.xctest */,
			);
			name = Products;
			sourceTree = "<group>";
		};
		1FA2984C23A15BA80032FF1C /* easynvest-test */ = {
			isa = PBXGroup;
			children = (
				1F512A7623A4A51100E5247A /* Resources */,
				1F09827C23A1D35400467D9D /* Repositories */,
				1F09827B23A1D34E00467D9D /* Scenes */,
				1F09827A23A1D34900467D9D /* Utils */,
				1FA2984D23A15BA80032FF1C /* AppDelegate.swift */,
				1FA2984F23A15BA80032FF1C /* SceneDelegate.swift */,
				1FA2985823A15BA90032FF1C /* LaunchScreen.storyboard */,
				1FA2985B23A15BA90032FF1C /* Info.plist */,
			);
			path = "easynvest-test";
			sourceTree = "<group>";
		};
		1FA2986323A15BAA0032FF1C /* easynvest-testTests */ = {
			isa = PBXGroup;
			children = (
				1FA2986423A15BAA0032FF1C /* easynvest_testTests.swift */,
				1FA2986623A15BAA0032FF1C /* Info.plist */,
			);
			path = "easynvest-testTests";
			sourceTree = "<group>";
		};
		1FA2986E23A15BAA0032FF1C /* easynvest-testUITests */ = {
			isa = PBXGroup;
			children = (
				1FA2986F23A15BAA0032FF1C /* easynvest_testUITests.swift */,
				1FA2987123A15BAA0032FF1C /* Info.plist */,
			);
			path = "easynvest-testUITests";
			sourceTree = "<group>";
		};
		4F10080884D85CE117508615 /* Pods */ = {
			isa = PBXGroup;
			children = (
				5AA66D8A8E50D50E9CF8C0CF /* Pods-easynvest-test.debug.xcconfig */,
				7671893D19CF5F90E191004A /* Pods-easynvest-test.release.xcconfig */,
				B6555AC76E03D25EFEDB11F6 /* Pods-easynvest-test-easynvest-testUITests.debug.xcconfig */,
				A02BBD204516A7A3DB08798F /* Pods-easynvest-test-easynvest-testUITests.release.xcconfig */,
				FEBA1F689EBAE537545E7959 /* Pods-easynvest-testTests.debug.xcconfig */,
				7674BE29958749BBF734AF64 /* Pods-easynvest-testTests.release.xcconfig */,
			);
			path = Pods;
			sourceTree = "<group>";
		};
		636067FD77A7FCA5077A0582 /* Frameworks */ = {
			isa = PBXGroup;
			children = (
				A0D6B2C70B025E67BD4B6717 /* Pods_easynvest_test.framework */,
				6FFBFCBD068094884B015770 /* Pods_easynvest_test_easynvest_testUITests.framework */,
				D2909128AECB82C4392A7041 /* Pods_easynvest_testTests.framework */,
			);
			name = Frameworks;
			sourceTree = "<group>";
		};
/* End PBXGroup section */

/* Begin PBXNativeTarget section */
		1FA2984923A15BA80032FF1C /* easynvest-test */ = {
			isa = PBXNativeTarget;
			buildConfigurationList = 1FA2987423A15BAA0032FF1C /* Build configuration list for PBXNativeTarget "easynvest-test" */;
			buildPhases = (
				1AFF1446AFF4DD7CD4CC1E0C /* [CP] Check Pods Manifest.lock */,
				1FA2984623A15BA80032FF1C /* Sources */,
				1FA2984723A15BA80032FF1C /* Frameworks */,
				1FA2984823A15BA80032FF1C /* Resources */,
			);
			buildRules = (
			);
			dependencies = (
			);
			name = "easynvest-test";
			productName = "easynvest-test";
			productReference = 1FA2984A23A15BA80032FF1C /* easynvest-test.app */;
			productType = "com.apple.product-type.application";
		};
		1FA2985F23A15BAA0032FF1C /* easynvest-testTests */ = {
			isa = PBXNativeTarget;
			buildConfigurationList = 1FA2987723A15BAA0032FF1C /* Build configuration list for PBXNativeTarget "easynvest-testTests" */;
			buildPhases = (
				D73604FCE7FD79974D2F370E /* [CP] Check Pods Manifest.lock */,
				1FA2985C23A15BAA0032FF1C /* Sources */,
				1FA2985D23A15BAA0032FF1C /* Frameworks */,
				1FA2985E23A15BAA0032FF1C /* Resources */,
			);
			buildRules = (
			);
			dependencies = (
				1FA2986223A15BAA0032FF1C /* PBXTargetDependency */,
			);
			name = "easynvest-testTests";
			productName = "easynvest-testTests";
			productReference = 1FA2986023A15BAA0032FF1C /* easynvest-testTests.xctest */;
			productType = "com.apple.product-type.bundle.unit-test";
		};
		1FA2986A23A15BAA0032FF1C /* easynvest-testUITests */ = {
			isa = PBXNativeTarget;
			buildConfigurationList = 1FA2987A23A15BAA0032FF1C /* Build configuration list for PBXNativeTarget "easynvest-testUITests" */;
			buildPhases = (
				DF382D026AF29100D6152511 /* [CP] Check Pods Manifest.lock */,
				1FA2986723A15BAA0032FF1C /* Sources */,
				1FA2986823A15BAA0032FF1C /* Frameworks */,
				1FA2986923A15BAA0032FF1C /* Resources */,
			);
			buildRules = (
			);
			dependencies = (
				1FA2986D23A15BAA0032FF1C /* PBXTargetDependency */,
			);
			name = "easynvest-testUITests";
			productName = "easynvest-testUITests";
			productReference = 1FA2986B23A15BAA0032FF1C /* easynvest-testUITests.xctest */;
			productType = "com.apple.product-type.bundle.ui-testing";
		};
/* End PBXNativeTarget section */

/* Begin PBXProject section */
		1FA2984223A15BA80032FF1C /* Project object */ = {
			isa = PBXProject;
			attributes = {
				LastSwiftUpdateCheck = 1120;
				LastUpgradeCheck = 1120;
				ORGANIZATIONNAME = "Henrique Akiyoshi Eguchi";
				TargetAttributes = {
					1FA2984923A15BA80032FF1C = {
						CreatedOnToolsVersion = 11.2.1;
					};
					1FA2985F23A15BAA0032FF1C = {
						CreatedOnToolsVersion = 11.2.1;
						TestTargetID = 1FA2984923A15BA80032FF1C;
					};
					1FA2986A23A15BAA0032FF1C = {
						CreatedOnToolsVersion = 11.2.1;
						TestTargetID = 1FA2984923A15BA80032FF1C;
					};
				};
			};
			buildConfigurationList = 1FA2984523A15BA80032FF1C /* Build configuration list for PBXProject "easynvest-test" */;
			compatibilityVersion = "Xcode 9.3";
			developmentRegion = en;
			hasScannedForEncodings = 0;
			knownRegions = (
				en,
				Base,
			);
			mainGroup = 1FA2984123A15BA80032FF1C;
			productRefGroup = 1FA2984B23A15BA80032FF1C /* Products */;
			projectDirPath = "";
			projectRoot = "";
			targets = (
				1FA2984923A15BA80032FF1C /* easynvest-test */,
				1FA2985F23A15BAA0032FF1C /* easynvest-testTests */,
				1FA2986A23A15BAA0032FF1C /* easynvest-testUITests */,
			);
		};
/* End PBXProject section */

/* Begin PBXResourcesBuildPhase section */
		1FA2984823A15BA80032FF1C /* Resources */ = {
			isa = PBXResourcesBuildPhase;
			buildActionMask = 2147483647;
			files = (
				1F512A7F23A4A71800E5247A /* RationalDisplay-Medium.ttf in Resources */,
				1FA2985A23A15BA90032FF1C /* LaunchScreen.storyboard in Resources */,
				1F512A7E23A4A71800E5247A /* RationalDisplay-Light.ttf in Resources */,
				1FA2985723A15BA90032FF1C /* Assets.xcassets in Resources */,
			);
			runOnlyForDeploymentPostprocessing = 0;
		};
		1FA2985E23A15BAA0032FF1C /* Resources */ = {
			isa = PBXResourcesBuildPhase;
			buildActionMask = 2147483647;
			files = (
			);
			runOnlyForDeploymentPostprocessing = 0;
		};
		1FA2986923A15BAA0032FF1C /* Resources */ = {
			isa = PBXResourcesBuildPhase;
			buildActionMask = 2147483647;
			files = (
			);
			runOnlyForDeploymentPostprocessing = 0;
		};
/* End PBXResourcesBuildPhase section */

/* Begin PBXShellScriptBuildPhase section */
		1AFF1446AFF4DD7CD4CC1E0C /* [CP] Check Pods Manifest.lock */ = {
			isa = PBXShellScriptBuildPhase;
			buildActionMask = 2147483647;
			files = (
			);
			inputFileListPaths = (
			);
			inputPaths = (
				"${PODS_PODFILE_DIR_PATH}/Podfile.lock",
				"${PODS_ROOT}/Manifest.lock",
			);
			name = "[CP] Check Pods Manifest.lock";
			outputFileListPaths = (
			);
			outputPaths = (
				"$(DERIVED_FILE_DIR)/Pods-easynvest-test-checkManifestLockResult.txt",
			);
			runOnlyForDeploymentPostprocessing = 0;
			shellPath = /bin/sh;
			shellScript = "diff \"${PODS_PODFILE_DIR_PATH}/Podfile.lock\" \"${PODS_ROOT}/Manifest.lock\" > /dev/null\nif [ $? != 0 ] ; then\n    # print error to STDERR\n    echo \"error: The sandbox is not in sync with the Podfile.lock. Run 'pod install' or update your CocoaPods installation.\" >&2\n    exit 1\nfi\n# This output is used by Xcode 'outputs' to avoid re-running this script phase.\necho \"SUCCESS\" > \"${SCRIPT_OUTPUT_FILE_0}\"\n";
			showEnvVarsInLog = 0;
		};
		D73604FCE7FD79974D2F370E /* [CP] Check Pods Manifest.lock */ = {
			isa = PBXShellScriptBuildPhase;
			buildActionMask = 2147483647;
			files = (
			);
			inputFileListPaths = (
			);
			inputPaths = (
				"${PODS_PODFILE_DIR_PATH}/Podfile.lock",
				"${PODS_ROOT}/Manifest.lock",
			);
			name = "[CP] Check Pods Manifest.lock";
			outputFileListPaths = (
			);
			outputPaths = (
				"$(DERIVED_FILE_DIR)/Pods-easynvest-testTests-checkManifestLockResult.txt",
			);
			runOnlyForDeploymentPostprocessing = 0;
			shellPath = /bin/sh;
			shellScript = "diff \"${PODS_PODFILE_DIR_PATH}/Podfile.lock\" \"${PODS_ROOT}/Manifest.lock\" > /dev/null\nif [ $? != 0 ] ; then\n    # print error to STDERR\n    echo \"error: The sandbox is not in sync with the Podfile.lock. Run 'pod install' or update your CocoaPods installation.\" >&2\n    exit 1\nfi\n# This output is used by Xcode 'outputs' to avoid re-running this script phase.\necho \"SUCCESS\" > \"${SCRIPT_OUTPUT_FILE_0}\"\n";
			showEnvVarsInLog = 0;
		};
		DF382D026AF29100D6152511 /* [CP] Check Pods Manifest.lock */ = {
			isa = PBXShellScriptBuildPhase;
			buildActionMask = 2147483647;
			files = (
			);
			inputFileListPaths = (
			);
			inputPaths = (
				"${PODS_PODFILE_DIR_PATH}/Podfile.lock",
				"${PODS_ROOT}/Manifest.lock",
			);
			name = "[CP] Check Pods Manifest.lock";
			outputFileListPaths = (
			);
			outputPaths = (
				"$(DERIVED_FILE_DIR)/Pods-easynvest-test-easynvest-testUITests-checkManifestLockResult.txt",
			);
			runOnlyForDeploymentPostprocessing = 0;
			shellPath = /bin/sh;
			shellScript = "diff \"${PODS_PODFILE_DIR_PATH}/Podfile.lock\" \"${PODS_ROOT}/Manifest.lock\" > /dev/null\nif [ $? != 0 ] ; then\n    # print error to STDERR\n    echo \"error: The sandbox is not in sync with the Podfile.lock. Run 'pod install' or update your CocoaPods installation.\" >&2\n    exit 1\nfi\n# This output is used by Xcode 'outputs' to avoid re-running this script phase.\necho \"SUCCESS\" > \"${SCRIPT_OUTPUT_FILE_0}\"\n";
			showEnvVarsInLog = 0;
		};
/* End PBXShellScriptBuildPhase section */

/* Begin PBXSourcesBuildPhase section */
		1FA2984623A15BA80032FF1C /* Sources */ = {
			isa = PBXSourcesBuildPhase;
			buildActionMask = 2147483647;
			files = (
				1F09828C23A1E28C00467D9D /* CustomViewController.swift in Sources */,
				1F09828A23A1E17800467D9D /* HasCustomView.swift in Sources */,
				1F09827F23A1D3A300467D9D /* ApplicationCoordinator.swift in Sources */,
				1FA2984E23A15BA80032FF1C /* AppDelegate.swift in Sources */,
				1F512A6E23A494CC00E5247A /* UIColor+EasynvestPallete.swift in Sources */,
				1F512A7023A4978200E5247A /* UIColor+Conversions.swift in Sources */,
				1F09828623A1D72600467D9D /* FixedIncomeHomeViewController.swift in Sources */,
				1F09828323A1D5A200467D9D /* FixedIncomeHomeCoordinator.swift in Sources */,
				1F09828823A1D87F00467D9D /* FixedIncomeHomeView.swift in Sources */,
				1F512A6923A46F6100E5247A /* ViewCodeTemplate.swift in Sources */,
				1F512A6C23A4920700E5247A /* EasynvestButton.swift in Sources */,
				1FA2985023A15BA80032FF1C /* SceneDelegate.swift in Sources */,
			);
			runOnlyForDeploymentPostprocessing = 0;
		};
		1FA2985C23A15BAA0032FF1C /* Sources */ = {
			isa = PBXSourcesBuildPhase;
			buildActionMask = 2147483647;
			files = (
				1FA2986523A15BAA0032FF1C /* easynvest_testTests.swift in Sources */,
			);
			runOnlyForDeploymentPostprocessing = 0;
		};
		1FA2986723A15BAA0032FF1C /* Sources */ = {
			isa = PBXSourcesBuildPhase;
			buildActionMask = 2147483647;
			files = (
				1FA2987023A15BAA0032FF1C /* easynvest_testUITests.swift in Sources */,
			);
			runOnlyForDeploymentPostprocessing = 0;
		};
/* End PBXSourcesBuildPhase section */

/* Begin PBXTargetDependency section */
		1FA2986223A15BAA0032FF1C /* PBXTargetDependency */ = {
			isa = PBXTargetDependency;
			target = 1FA2984923A15BA80032FF1C /* easynvest-test */;
			targetProxy = 1FA2986123A15BAA0032FF1C /* PBXContainerItemProxy */;
		};
		1FA2986D23A15BAA0032FF1C /* PBXTargetDependency */ = {
			isa = PBXTargetDependency;
			target = 1FA2984923A15BA80032FF1C /* easynvest-test */;
			targetProxy = 1FA2986C23A15BAA0032FF1C /* PBXContainerItemProxy */;
		};
/* End PBXTargetDependency section */

/* Begin PBXVariantGroup section */
		1FA2985823A15BA90032FF1C /* LaunchScreen.storyboard */ = {
			isa = PBXVariantGroup;
			children = (
				1FA2985923A15BA90032FF1C /* Base */,
			);
			name = LaunchScreen.storyboard;
			sourceTree = "<group>";
		};
/* End PBXVariantGroup section */

/* Begin XCBuildConfiguration section */
		1FA2987223A15BAA0032FF1C /* Debug */ = {
			isa = XCBuildConfiguration;
			buildSettings = {
				ALWAYS_SEARCH_USER_PATHS = NO;
				CLANG_ANALYZER_NONNULL = YES;
				CLANG_ANALYZER_NUMBER_OBJECT_CONVERSION = YES_AGGRESSIVE;
				CLANG_CXX_LANGUAGE_STANDARD = "gnu++14";
				CLANG_CXX_LIBRARY = "libc++";
				CLANG_ENABLE_MODULES = YES;
				CLANG_ENABLE_OBJC_ARC = YES;
				CLANG_ENABLE_OBJC_WEAK = YES;
				CLANG_WARN_BLOCK_CAPTURE_AUTORELEASING = YES;
				CLANG_WARN_BOOL_CONVERSION = YES;
				CLANG_WARN_COMMA = YES;
				CLANG_WARN_CONSTANT_CONVERSION = YES;
				CLANG_WARN_DEPRECATED_OBJC_IMPLEMENTATIONS = YES;
				CLANG_WARN_DIRECT_OBJC_ISA_USAGE = YES_ERROR;
				CLANG_WARN_DOCUMENTATION_COMMENTS = YES;
				CLANG_WARN_EMPTY_BODY = YES;
				CLANG_WARN_ENUM_CONVERSION = YES;
				CLANG_WARN_INFINITE_RECURSION = YES;
				CLANG_WARN_INT_CONVERSION = YES;
				CLANG_WARN_NON_LITERAL_NULL_CONVERSION = YES;
				CLANG_WARN_OBJC_IMPLICIT_RETAIN_SELF = YES;
				CLANG_WARN_OBJC_LITERAL_CONVERSION = YES;
				CLANG_WARN_OBJC_ROOT_CLASS = YES_ERROR;
				CLANG_WARN_RANGE_LOOP_ANALYSIS = YES;
				CLANG_WARN_STRICT_PROTOTYPES = YES;
				CLANG_WARN_SUSPICIOUS_MOVE = YES;
				CLANG_WARN_UNGUARDED_AVAILABILITY = YES_AGGRESSIVE;
				CLANG_WARN_UNREACHABLE_CODE = YES;
				CLANG_WARN__DUPLICATE_METHOD_MATCH = YES;
				COPY_PHASE_STRIP = NO;
				DEBUG_INFORMATION_FORMAT = dwarf;
				ENABLE_STRICT_OBJC_MSGSEND = YES;
				ENABLE_TESTABILITY = YES;
				GCC_C_LANGUAGE_STANDARD = gnu11;
				GCC_DYNAMIC_NO_PIC = NO;
				GCC_NO_COMMON_BLOCKS = YES;
				GCC_OPTIMIZATION_LEVEL = 0;
				GCC_PREPROCESSOR_DEFINITIONS = (
					"DEBUG=1",
					"$(inherited)",
				);
				GCC_WARN_64_TO_32_BIT_CONVERSION = YES;
				GCC_WARN_ABOUT_RETURN_TYPE = YES_ERROR;
				GCC_WARN_UNDECLARED_SELECTOR = YES;
				GCC_WARN_UNINITIALIZED_AUTOS = YES_AGGRESSIVE;
				GCC_WARN_UNUSED_FUNCTION = YES;
				GCC_WARN_UNUSED_VARIABLE = YES;
				IPHONEOS_DEPLOYMENT_TARGET = 11.0;
				MTL_ENABLE_DEBUG_INFO = INCLUDE_SOURCE;
				MTL_FAST_MATH = YES;
				ONLY_ACTIVE_ARCH = YES;
				SDKROOT = iphoneos;
				SWIFT_ACTIVE_COMPILATION_CONDITIONS = DEBUG;
				SWIFT_OPTIMIZATION_LEVEL = "-Onone";
			};
			name = Debug;
		};
		1FA2987323A15BAA0032FF1C /* Release */ = {
			isa = XCBuildConfiguration;
			buildSettings = {
				ALWAYS_SEARCH_USER_PATHS = NO;
				CLANG_ANALYZER_NONNULL = YES;
				CLANG_ANALYZER_NUMBER_OBJECT_CONVERSION = YES_AGGRESSIVE;
				CLANG_CXX_LANGUAGE_STANDARD = "gnu++14";
				CLANG_CXX_LIBRARY = "libc++";
				CLANG_ENABLE_MODULES = YES;
				CLANG_ENABLE_OBJC_ARC = YES;
				CLANG_ENABLE_OBJC_WEAK = YES;
				CLANG_WARN_BLOCK_CAPTURE_AUTORELEASING = YES;
				CLANG_WARN_BOOL_CONVERSION = YES;
				CLANG_WARN_COMMA = YES;
				CLANG_WARN_CONSTANT_CONVERSION = YES;
				CLANG_WARN_DEPRECATED_OBJC_IMPLEMENTATIONS = YES;
				CLANG_WARN_DIRECT_OBJC_ISA_USAGE = YES_ERROR;
				CLANG_WARN_DOCUMENTATION_COMMENTS = YES;
				CLANG_WARN_EMPTY_BODY = YES;
				CLANG_WARN_ENUM_CONVERSION = YES;
				CLANG_WARN_INFINITE_RECURSION = YES;
				CLANG_WARN_INT_CONVERSION = YES;
				CLANG_WARN_NON_LITERAL_NULL_CONVERSION = YES;
				CLANG_WARN_OBJC_IMPLICIT_RETAIN_SELF = YES;
				CLANG_WARN_OBJC_LITERAL_CONVERSION = YES;
				CLANG_WARN_OBJC_ROOT_CLASS = YES_ERROR;
				CLANG_WARN_RANGE_LOOP_ANALYSIS = YES;
				CLANG_WARN_STRICT_PROTOTYPES = YES;
				CLANG_WARN_SUSPICIOUS_MOVE = YES;
				CLANG_WARN_UNGUARDED_AVAILABILITY = YES_AGGRESSIVE;
				CLANG_WARN_UNREACHABLE_CODE = YES;
				CLANG_WARN__DUPLICATE_METHOD_MATCH = YES;
				COPY_PHASE_STRIP = NO;
				DEBUG_INFORMATION_FORMAT = "dwarf-with-dsym";
				ENABLE_NS_ASSERTIONS = NO;
				ENABLE_STRICT_OBJC_MSGSEND = YES;
				GCC_C_LANGUAGE_STANDARD = gnu11;
				GCC_NO_COMMON_BLOCKS = YES;
				GCC_WARN_64_TO_32_BIT_CONVERSION = YES;
				GCC_WARN_ABOUT_RETURN_TYPE = YES_ERROR;
				GCC_WARN_UNDECLARED_SELECTOR = YES;
				GCC_WARN_UNINITIALIZED_AUTOS = YES_AGGRESSIVE;
				GCC_WARN_UNUSED_FUNCTION = YES;
				GCC_WARN_UNUSED_VARIABLE = YES;
				IPHONEOS_DEPLOYMENT_TARGET = 11.0;
				MTL_ENABLE_DEBUG_INFO = NO;
				MTL_FAST_MATH = YES;
				SDKROOT = iphoneos;
				SWIFT_COMPILATION_MODE = wholemodule;
				SWIFT_OPTIMIZATION_LEVEL = "-O";
				VALIDATE_PRODUCT = YES;
			};
			name = Release;
		};
		1FA2987523A15BAA0032FF1C /* Debug */ = {
			isa = XCBuildConfiguration;
			baseConfigurationReference = 5AA66D8A8E50D50E9CF8C0CF /* Pods-easynvest-test.debug.xcconfig */;
			buildSettings = {
				ASSETCATALOG_COMPILER_APPICON_NAME = AppIcon;
				CODE_SIGN_STYLE = Automatic;
				DEVELOPMENT_TEAM = L3T5JNALVT;
				INFOPLIST_FILE = "easynvest-test/Info.plist";
				LD_RUNPATH_SEARCH_PATHS = (
					"$(inherited)",
					"@executable_path/Frameworks",
				);
				PRODUCT_BUNDLE_IDENTIFIER = "br.com.henrique-eguchi.easynvest-test";
				PRODUCT_NAME = "$(TARGET_NAME)";
				SWIFT_VERSION = 5.0;
				TARGETED_DEVICE_FAMILY = 1;
			};
			name = Debug;
		};
		1FA2987623A15BAA0032FF1C /* Release */ = {
			isa = XCBuildConfiguration;
			baseConfigurationReference = 7671893D19CF5F90E191004A /* Pods-easynvest-test.release.xcconfig */;
			buildSettings = {
				ASSETCATALOG_COMPILER_APPICON_NAME = AppIcon;
				CODE_SIGN_STYLE = Automatic;
				DEVELOPMENT_TEAM = L3T5JNALVT;
				INFOPLIST_FILE = "easynvest-test/Info.plist";
				LD_RUNPATH_SEARCH_PATHS = (
					"$(inherited)",
					"@executable_path/Frameworks",
				);
				PRODUCT_BUNDLE_IDENTIFIER = "br.com.henrique-eguchi.easynvest-test";
				PRODUCT_NAME = "$(TARGET_NAME)";
				SWIFT_VERSION = 5.0;
				TARGETED_DEVICE_FAMILY = 1;
			};
			name = Release;
		};
		1FA2987823A15BAA0032FF1C /* Debug */ = {
			isa = XCBuildConfiguration;
			baseConfigurationReference = FEBA1F689EBAE537545E7959 /* Pods-easynvest-testTests.debug.xcconfig */;
			buildSettings = {
				ALWAYS_EMBED_SWIFT_STANDARD_LIBRARIES = YES;
				BUNDLE_LOADER = "$(TEST_HOST)";
				CODE_SIGN_STYLE = Automatic;
				DEVELOPMENT_TEAM = L3T5JNALVT;
				INFOPLIST_FILE = "easynvest-testTests/Info.plist";
				IPHONEOS_DEPLOYMENT_TARGET = 13.2;
				LD_RUNPATH_SEARCH_PATHS = (
					"$(inherited)",
					"@executable_path/Frameworks",
					"@loader_path/Frameworks",
				);
				PRODUCT_BUNDLE_IDENTIFIER = "br.com.henrique-eguchi.easynvest-testTests";
				PRODUCT_NAME = "$(TARGET_NAME)";
				SWIFT_VERSION = 5.0;
				TARGETED_DEVICE_FAMILY = "1,2";
				TEST_HOST = "$(BUILT_PRODUCTS_DIR)/easynvest-test.app/easynvest-test";
			};
			name = Debug;
		};
		1FA2987923A15BAA0032FF1C /* Release */ = {
			isa = XCBuildConfiguration;
			baseConfigurationReference = 7674BE29958749BBF734AF64 /* Pods-easynvest-testTests.release.xcconfig */;
			buildSettings = {
				ALWAYS_EMBED_SWIFT_STANDARD_LIBRARIES = YES;
				BUNDLE_LOADER = "$(TEST_HOST)";
				CODE_SIGN_STYLE = Automatic;
				DEVELOPMENT_TEAM = L3T5JNALVT;
				INFOPLIST_FILE = "easynvest-testTests/Info.plist";
				IPHONEOS_DEPLOYMENT_TARGET = 13.2;
				LD_RUNPATH_SEARCH_PATHS = (
					"$(inherited)",
					"@executable_path/Frameworks",
					"@loader_path/Frameworks",
				);
				PRODUCT_BUNDLE_IDENTIFIER = "br.com.henrique-eguchi.easynvest-testTests";
				PRODUCT_NAME = "$(TARGET_NAME)";
				SWIFT_VERSION = 5.0;
				TARGETED_DEVICE_FAMILY = "1,2";
				TEST_HOST = "$(BUILT_PRODUCTS_DIR)/easynvest-test.app/easynvest-test";
			};
			name = Release;
		};
		1FA2987B23A15BAA0032FF1C /* Debug */ = {
			isa = XCBuildConfiguration;
			baseConfigurationReference = B6555AC76E03D25EFEDB11F6 /* Pods-easynvest-test-easynvest-testUITests.debug.xcconfig */;
			buildSettings = {
				ALWAYS_EMBED_SWIFT_STANDARD_LIBRARIES = YES;
				CODE_SIGN_STYLE = Automatic;
				DEVELOPMENT_TEAM = L3T5JNALVT;
				INFOPLIST_FILE = "easynvest-testUITests/Info.plist";
				LD_RUNPATH_SEARCH_PATHS = (
					"$(inherited)",
					"@executable_path/Frameworks",
					"@loader_path/Frameworks",
				);
				PRODUCT_BUNDLE_IDENTIFIER = "br.com.henrique-eguchi.easynvest-testUITests";
				PRODUCT_NAME = "$(TARGET_NAME)";
				SWIFT_VERSION = 5.0;
				TARGETED_DEVICE_FAMILY = "1,2";
				TEST_TARGET_NAME = "easynvest-test";
			};
			name = Debug;
		};
		1FA2987C23A15BAA0032FF1C /* Release */ = {
			isa = XCBuildConfiguration;
			baseConfigurationReference = A02BBD204516A7A3DB08798F /* Pods-easynvest-test-easynvest-testUITests.release.xcconfig */;
			buildSettings = {
				ALWAYS_EMBED_SWIFT_STANDARD_LIBRARIES = YES;
				CODE_SIGN_STYLE = Automatic;
				DEVELOPMENT_TEAM = L3T5JNALVT;
				INFOPLIST_FILE = "easynvest-testUITests/Info.plist";
				LD_RUNPATH_SEARCH_PATHS = (
					"$(inherited)",
					"@executable_path/Frameworks",
					"@loader_path/Frameworks",
				);
				PRODUCT_BUNDLE_IDENTIFIER = "br.com.henrique-eguchi.easynvest-testUITests";
				PRODUCT_NAME = "$(TARGET_NAME)";
				SWIFT_VERSION = 5.0;
				TARGETED_DEVICE_FAMILY = "1,2";
				TEST_TARGET_NAME = "easynvest-test";
			};
			name = Release;
		};
/* End XCBuildConfiguration section */

/* Begin XCConfigurationList section */
		1FA2984523A15BA80032FF1C /* Build configuration list for PBXProject "easynvest-test" */ = {
			isa = XCConfigurationList;
			buildConfigurations = (
				1FA2987223A15BAA0032FF1C /* Debug */,
				1FA2987323A15BAA0032FF1C /* Release */,
			);
			defaultConfigurationIsVisible = 0;
			defaultConfigurationName = Release;
		};
		1FA2987423A15BAA0032FF1C /* Build configuration list for PBXNativeTarget "easynvest-test" */ = {
			isa = XCConfigurationList;
			buildConfigurations = (
				1FA2987523A15BAA0032FF1C /* Debug */,
				1FA2987623A15BAA0032FF1C /* Release */,
			);
			defaultConfigurationIsVisible = 0;
			defaultConfigurationName = Release;
		};
		1FA2987723A15BAA0032FF1C /* Build configuration list for PBXNativeTarget "easynvest-testTests" */ = {
			isa = XCConfigurationList;
			buildConfigurations = (
				1FA2987823A15BAA0032FF1C /* Debug */,
				1FA2987923A15BAA0032FF1C /* Release */,
			);
			defaultConfigurationIsVisible = 0;
			defaultConfigurationName = Release;
		};
		1FA2987A23A15BAA0032FF1C /* Build configuration list for PBXNativeTarget "easynvest-testUITests" */ = {
			isa = XCConfigurationList;
			buildConfigurations = (
				1FA2987B23A15BAA0032FF1C /* Debug */,
				1FA2987C23A15BAA0032FF1C /* Release */,
			);
			defaultConfigurationIsVisible = 0;
			defaultConfigurationName = Release;
		};
/* End XCConfigurationList section */
	};
	rootObject = 1FA2984223A15BA80032FF1C /* Project object */;
}
